
Microsoft Visual Studio Solution File, Format Version 12.00
# Visual Studio Version 17
VisualStudioVersion = 17.11.35312.102
MinimumVisualStudioVersion = 10.0.40219.1
Project("{9A19103F-16F7-4668-BE54-9A1E7A4F7556}") = "QQWRFO_HSZF_2024251.Console", "QQWRFO_HSZF_2024251\QQWRFO_HSZF_2024251.Console.csproj", "{0F3699EF-B2BE-4633-B48A-BC799F4F6261}"
EndProject
Project("{2150E333-8FDC-42A3-9474-1A3956D46DE8}") = "Application", "Application", "{620E4A00-0223-4FEE-8BC3-2647A0C74E04}"
EndProject
Project("{2150E333-8FDC-42A3-9474-1A3956D46DE8}") = "Domain", "Domain", "{32333176-D4AE-44FC-B11F-AB0A41666091}"
EndProject
Project("{2150E333-8FDC-42A3-9474-1A3956D46DE8}") = "Infrastructure", "Infrastructure", "{1D8C1EE9-BD3E-4491-A194-546B7B2B8157}"
EndProject
Project("{2150E333-8FDC-42A3-9474-1A3956D46DE8}") = "Presentation", "Presentation", "{06808E27-B035-4537-B8C8-BB83DAC09043}"
EndProject
Project("{2150E333-8FDC-42A3-9474-1A3956D46DE8}") = "Tests", "Tests", "{3C1DE5AC-699D-44F8-A96B-733F8697F803}"
EndProject
Project("{9A19103F-16F7-4668-BE54-9A1E7A4F7556}") = "QQWRFO_HSZF_2024251.Tests", "QQWRFO_HSZF_2024251.Tests\QQWRFO_HSZF_2024251.Tests.csproj", "{E551B328-60DA-4707-977C-F2C4EFC02CB7}"
EndProject
Project("{9A19103F-16F7-4668-BE54-9A1E7A4F7556}") = "QQWRFO_HSZF_2024251.Presistance.MsSql", "QQWRFO_HSZF_2024251.Presistance.MsSql\QQWRFO_HSZF_2024251.Presistance.MsSql.csproj", "{9C6D6915-9E65-422E-9B7A-8EAE041D6B42}"
EndProject
Project("{9A19103F-16F7-4668-BE54-9A1E7A4F7556}") = "QQWRFO_HSZF_2024251.Model", "QQWRFO_HSZF_2024251.Model\QQWRFO_HSZF_2024251.Model.csproj", "{F5BDDAB0-682E-4DC1-B13C-A0572F11262D}"
EndProject
Project("{9A19103F-16F7-4668-BE54-9A1E7A4F7556}") = "QQWRFO_HSZF_2024251.Application", "QQWRFO_HSZF_2024251.Application\QQWRFO_HSZF_2024251.Application.csproj", "{CC07A44E-EE52-4A19-80E0-2FB191F4C0A0}"
EndProject
Global
	GlobalSection(SolutionConfigurationPlatforms) = preSolution
		Debug|Any CPU = Debug|Any CPU
		Release|Any CPU = Release|Any CPU
	EndGlobalSection
	GlobalSection(ProjectConfigurationPlatforms) = postSolution
		{0F3699EF-B2BE-4633-B48A-BC799F4F6261}.Debug|Any CPU.ActiveCfg = Debug|Any CPU
		{0F3699EF-B2BE-4633-B48A-BC799F4F6261}.Debug|Any CPU.Build.0 = Debug|Any CPU
		{0F3699EF-B2BE-4633-B48A-BC799F4F6261}.Release|Any CPU.ActiveCfg = Release|Any CPU
		{0F3699EF-B2BE-4633-B48A-BC799F4F6261}.Release|Any CPU.Build.0 = Release|Any CPU
		{E551B328-60DA-4707-977C-F2C4EFC02CB7}.Debug|Any CPU.ActiveCfg = Debug|Any CPU
		{E551B328-60DA-4707-977C-F2C4EFC02CB7}.Debug|Any CPU.Build.0 = Debug|Any CPU
		{E551B328-60DA-4707-977C-F2C4EFC02CB7}.Release|Any CPU.ActiveCfg = Release|Any CPU
		{E551B328-60DA-4707-977C-F2C4EFC02CB7}.Release|Any CPU.Build.0 = Release|Any CPU
		{9C6D6915-9E65-422E-9B7A-8EAE041D6B42}.Debug|Any CPU.ActiveCfg = Debug|Any CPU
		{9C6D6915-9E65-422E-9B7A-8EAE041D6B42}.Debug|Any CPU.Build.0 = Debug|Any CPU
		{9C6D6915-9E65-422E-9B7A-8EAE041D6B42}.Release|Any CPU.ActiveCfg = Release|Any CPU
		{9C6D6915-9E65-422E-9B7A-8EAE041D6B42}.Release|Any CPU.Build.0 = Release|Any CPU
		{F5BDDAB0-682E-4DC1-B13C-A0572F11262D}.Debug|Any CPU.ActiveCfg = Debug|Any CPU
		{F5BDDAB0-682E-4DC1-B13C-A0572F11262D}.Debug|Any CPU.Build.0 = Debug|Any CPU
		{F5BDDAB0-682E-4DC1-B13C-A0572F11262D}.Release|Any CPU.ActiveCfg = Release|Any CPU
		{F5BDDAB0-682E-4DC1-B13C-A0572F11262D}.Release|Any CPU.Build.0 = Release|Any CPU
		{CC07A44E-EE52-4A19-80E0-2FB191F4C0A0}.Debug|Any CPU.ActiveCfg = Debug|Any CPU
		{CC07A44E-EE52-4A19-80E0-2FB191F4C0A0}.Debug|Any CPU.Build.0 = Debug|Any CPU
		{CC07A44E-EE52-4A19-80E0-2FB191F4C0A0}.Release|Any CPU.ActiveCfg = Release|Any CPU
		{CC07A44E-EE52-4A19-80E0-2FB191F4C0A0}.Release|Any CPU.Build.0 = Release|Any CPU
	EndGlobalSection
	GlobalSection(SolutionProperties) = preSolution
		HideSolutionNode = FALSE
	EndGlobalSection
	GlobalSection(NestedProjects) = preSolution
		{0F3699EF-B2BE-4633-B48A-BC799F4F6261} = {06808E27-B035-4537-B8C8-BB83DAC09043}
		{E551B328-60DA-4707-977C-F2C4EFC02CB7} = {3C1DE5AC-699D-44F8-A96B-733F8697F803}
		{9C6D6915-9E65-422E-9B7A-8EAE041D6B42} = {1D8C1EE9-BD3E-4491-A194-546B7B2B8157}
		{F5BDDAB0-682E-4DC1-B13C-A0572F11262D} = {32333176-D4AE-44FC-B11F-AB0A41666091}
		{CC07A44E-EE52-4A19-80E0-2FB191F4C0A0} = {620E4A00-0223-4FEE-8BC3-2647A0C74E04}
	EndGlobalSection
	GlobalSection(ExtensibilityGlobals) = postSolution
		SolutionGuid = {F49B4CB7-FE1F-455F-A43B-B9CA19C166F3}
	EndGlobalSection
EndGlobal
